
Microsoft Visual Studio Solution File, Format Version 12.00
# Visual Studio 15
VisualStudioVersion = 15.0.27428.2037
MinimumVisualStudioVersion = 10.0.40219.1
Project("{FAE04EC0-301F-11D3-BF4B-00C04F79EFBC}") = "SpritesheetMaker", "SpritesheetMaker.csproj", "{7F8360F0-574A-468B-85A4-B66F2FE606E2}"
EndProject
Global
	GlobalSection(SolutionConfigurationPlatforms) = preSolution
		Debug|Any CPU = Debug|Any CPU
		Release|Any CPU = Release|Any CPU
	EndGlobalSection
	GlobalSection(ProjectConfigurationPlatforms) = postSolution
		{7F8360F0-574A-468B-85A4-B66F2FE606E2}.Debug|Any CPU.ActiveCfg = Debug|Any CPU
		{7F8360F0-574A-468B-85A4-B66F2FE606E2}.Debug|Any CPU.Build.0 = Debug|Any CPU
		{7F8360F0-574A-468B-85A4-B66F2FE606E2}.Release|Any CPU.ActiveCfg = Release|Any CPU
		{7F8360F0-574A-468B-85A4-B66F2FE606E2}.Release|Any CPU.Build.0 = Release|Any CPU
	EndGlobalSection
	GlobalSection(SolutionProperties) = preSolution
		HideSolutionNode = FALSE
	EndGlobalSection
	GlobalSection(ExtensibilityGlobals) = postSolution
		SolutionGuid = {1C91B205-3B50-4B42-BDC9-78C56998C922}
	EndGlobalSection
EndGlobal
